// !$*UTF8*$!
{
	archiveVersion = 1;
	classes = {
	};
	objectVersion = 48;
	objects = {

/* Begin PBXBuildFile section */
		E0F363D9207FF20D00B208EA /* AppDelegate.swift in Sources */ = {isa = PBXBuildFile; fileRef = E0F363D8207FF20D00B208EA /* AppDelegate.swift */; };
		E0F363DB207FF20D00B208EA /* ViewController.swift in Sources */ = {isa = PBXBuildFile; fileRef = E0F363DA207FF20D00B208EA /* ViewController.swift */; };
		E0F363DE207FF20D00B208EA /* Main.storyboard in Resources */ = {isa = PBXBuildFile; fileRef = E0F363DC207FF20D00B208EA /* Main.storyboard */; };
		E0F363E0207FF20D00B208EA /* Assets.xcassets in Resources */ = {isa = PBXBuildFile; fileRef = E0F363DF207FF20D00B208EA /* Assets.xcassets */; };
		E0F363E3207FF20D00B208EA /* LaunchScreen.storyboard in Resources */ = {isa = PBXBuildFile; fileRef = E0F363E1207FF20D00B208EA /* LaunchScreen.storyboard */; };
		E0F363EE207FF20D00B208EA /* TinderTests.swift in Sources */ = {isa = PBXBuildFile; fileRef = E0F363ED207FF20D00B208EA /* TinderTests.swift */; };
		E0F363F9207FF20D00B208EA /* TinderUITests.swift in Sources */ = {isa = PBXBuildFile; fileRef = E0F363F8207FF20D00B208EA /* TinderUITests.swift */; };
/* End PBXBuildFile section */

/* Begin PBXContainerItemProxy section */
		E0F363EA207FF20D00B208EA /* PBXContainerItemProxy */ = {
			isa = PBXContainerItemProxy;
			containerPortal = E0F363CD207FF20D00B208EA /* Project object */;
			proxyType = 1;
			remoteGlobalIDString = E0F363D4207FF20D00B208EA;
			remoteInfo = Tinder;
		};
		E0F363F5207FF20D00B208EA /* PBXContainerItemProxy */ = {
			isa = PBXContainerItemProxy;
			containerPortal = E0F363CD207FF20D00B208EA /* Project object */;
			proxyType = 1;
			remoteGlobalIDString = E0F363D4207FF20D00B208EA;
			remoteInfo = Tinder;
		};
/* End PBXContainerItemProxy section */

/* Begin PBXFileReference section */
		E0F363D5207FF20D00B208EA /* Tinder.app */ = {isa = PBXFileReference; explicitFileType = wrapper.application; includeInIndex = 0; path = Tinder.app; sourceTree = BUILT_PRODUCTS_DIR; };
		E0F363D8207FF20D00B208EA /* AppDelegate.swift */ = {isa = PBXFileReference; lastKnownFileType = sourcecode.swift; path = AppDelegate.swift; sourceTree = "<group>"; };
		E0F363DA207FF20D00B208EA /* ViewController.swift */ = {isa = PBXFileReference; lastKnownFileType = sourcecode.swift; path = ViewController.swift; sourceTree = "<group>"; };
		E0F363DD207FF20D00B208EA /* Base */ = {isa = PBXFileReference; lastKnownFileType = file.storyboard; name = Base; path = Base.lproj/Main.storyboard; sourceTree = "<group>"; };
		E0F363DF207FF20D00B208EA /* Assets.xcassets */ = {isa = PBXFileReference; lastKnownFileType = folder.assetcatalog; path = Assets.xcassets; sourceTree = "<group>"; };
		E0F363E2207FF20D00B208EA /* Base */ = {isa = PBXFileReference; lastKnownFileType = file.storyboard; name = Base; path = Base.lproj/LaunchScreen.storyboard; sourceTree = "<group>"; };
		E0F363E4207FF20D00B208EA /* Info.plist */ = {isa = PBXFileReference; lastKnownFileType = text.plist.xml; path = Info.plist; sourceTree = "<group>"; };
		E0F363E9207FF20D00B208EA /* TinderTests.xctest */ = {isa = PBXFileReference; explicitFileType = wrapper.cfbundle; includeInIndex = 0; path = TinderTests.xctest; sourceTree = BUILT_PRODUCTS_DIR; };
		E0F363ED207FF20D00B208EA /* TinderTests.swift */ = {isa = PBXFileReference; lastKnownFileType = sourcecode.swift; path = TinderTests.swift; sourceTree = "<group>"; };
		E0F363EF207FF20D00B208EA /* Info.plist */ = {isa = PBXFileReference; lastKnownFileType = text.plist.xml; path = Info.plist; sourceTree = "<group>"; };
		E0F363F4207FF20D00B208EA /* TinderUITests.xctest */ = {isa = PBXFileReference; explicitFileType = wrapper.cfbundle; includeInIndex = 0; path = TinderUITests.xctest; sourceTree = BUILT_PRODUCTS_DIR; };
		E0F363F8207FF20D00B208EA /* TinderUITests.swift */ = {isa = PBXFileReference; lastKnownFileType = sourcecode.swift; path = TinderUITests.swift; sourceTree = "<group>"; };
		E0F363FA207FF20D00B208EA /* Info.plist */ = {isa = PBXFileReference; lastKnownFileType = text.plist.xml; path = Info.plist; sourceTree = "<group>"; };
/* End PBXFileReference section */

/* Begin PBXFrameworksBuildPhase section */
		E0F363D2207FF20D00B208EA /* Frameworks */ = {
			isa = PBXFrameworksBuildPhase;
			buildActionMask = 2147483647;
			files = (
			);
			runOnlyForDeploymentPostprocessing = 0;
		};
		E0F363E6207FF20D00B208EA /* Frameworks */ = {
			isa = PBXFrameworksBuildPhase;
			buildActionMask = 2147483647;
			files = (
			);
			runOnlyForDeploymentPostprocessing = 0;
		};
		E0F363F1207FF20D00B208EA /* Frameworks */ = {
			isa = PBXFrameworksBuildPhase;
			buildActionMask = 2147483647;
			files = (
			);
			runOnlyForDeploymentPostprocessing = 0;
		};
/* End PBXFrameworksBuildPhase section */

/* Begin PBXGroup section */
		E0F363CC207FF20D00B208EA = {
			isa = PBXGroup;
			children = (
				E0F363D7207FF20D00B208EA /* Tinder */,
				E0F363EC207FF20D00B208EA /* TinderTests */,
				E0F363F7207FF20D00B208EA /* TinderUITests */,
				E0F363D6207FF20D00B208EA /* Products */,
			);
			sourceTree = "<group>";
		};
		E0F363D6207FF20D00B208EA /* Products */ = {
			isa = PBXGroup;
			children = (
				E0F363D5207FF20D00B208EA /* Tinder.app */,
				E0F363E9207FF20D00B208EA /* TinderTests.xctest */,
				E0F363F4207FF20D00B208EA /* TinderUITests.xctest */,
			);
			name = Products;
			sourceTree = "<group>";
		};
		E0F363D7207FF20D00B208EA /* Tinder */ = {
			isa = PBXGroup;
			children = (
				E0F363D8207FF20D00B208EA /* AppDelegate.swift */,
				E0F363DA207FF20D00B208EA /* ViewController.swift */,
				E0F363DC207FF20D00B208EA /* Main.storyboard */,
				E0F363DF207FF20D00B208EA /* Assets.xcassets */,
				E0F363E1207FF20D00B208EA /* LaunchScreen.storyboard */,
				E0F363E4207FF20D00B208EA /* Info.plist */,
			);
			path = Tinder;
			sourceTree = "<group>";
		};
		E0F363EC207FF20D00B208EA /* TinderTests */ = {
			isa = PBXGroup;
			children = (
				E0F363ED207FF20D00B208EA /* TinderTests.swift */,
				E0F363EF207FF20D00B208EA /* Info.plist */,
			);
			path = TinderTests;
			sourceTree = "<group>";
		};
		E0F363F7207FF20D00B208EA /* TinderUITests */ = {
			isa = PBXGroup;
			children = (
				E0F363F8207FF20D00B208EA /* TinderUITests.swift */,
				E0F363FA207FF20D00B208EA /* Info.plist */,
			);
			path = TinderUITests;
			sourceTree = "<group>";
		};
/* End PBXGroup section */

/* Begin PBXNativeTarget section */
		E0F363D4207FF20D00B208EA /* Tinder */ = {
			isa = PBXNativeTarget;
			buildConfigurationList = E0F363FD207FF20D00B208EA /* Build configuration list for PBXNativeTarget "Tinder" */;
			buildPhases = (
				E0F363D1207FF20D00B208EA /* Sources */,
				E0F363D2207FF20D00B208EA /* Frameworks */,
				E0F363D3207FF20D00B208EA /* Resources */,
			);
			buildRules = (
			);
			dependencies = (
			);
			name = Tinder;
			productName = Tinder;
			productReference = E0F363D5207FF20D00B208EA /* Tinder.app */;
			productType = "com.apple.product-type.application";
		};
		E0F363E8207FF20D00B208EA /* TinderTests */ = {
			isa = PBXNativeTarget;
			buildConfigurationList = E0F36400207FF20D00B208EA /* Build configuration list for PBXNativeTarget "TinderTests" */;
			buildPhases = (
				E0F363E5207FF20D00B208EA /* Sources */,
				E0F363E6207FF20D00B208EA /* Frameworks */,
				E0F363E7207FF20D00B208EA /* Resources */,
			);
			buildRules = (
			);
			dependencies = (
				E0F363EB207FF20D00B208EA /* PBXTargetDependency */,
			);
			name = TinderTests;
			productName = TinderTests;
			productReference = E0F363E9207FF20D00B208EA /* TinderTests.xctest */;
			productType = "com.apple.product-type.bundle.unit-test";
		};
		E0F363F3207FF20D00B208EA /* TinderUITests */ = {
			isa = PBXNativeTarget;
			buildConfigurationList = E0F36403207FF20D00B208EA /* Build configuration list for PBXNativeTarget "TinderUITests" */;
			buildPhases = (
				E0F363F0207FF20D00B208EA /* Sources */,
				E0F363F1207FF20D00B208EA /* Frameworks */,
				E0F363F2207FF20D00B208EA /* Resources */,
			);
			buildRules = (
			);
			dependencies = (
				E0F363F6207FF20D00B208EA /* PBXTargetDependency */,
			);
			name = TinderUITests;
			productName = TinderUITests;
			productReference = E0F363F4207FF20D00B208EA /* TinderUITests.xctest */;
			productType = "com.apple.product-type.bundle.ui-testing";
		};
/* End PBXNativeTarget section */

/* Begin PBXProject section */
		E0F363CD207FF20D00B208EA /* Project object */ = {
			isa = PBXProject;
			attributes = {
				LastSwiftUpdateCheck = 0920;
				LastUpgradeCheck = 0920;
				ORGANIZATIONNAME = "Elijah Kumi";
				TargetAttributes = {
					E0F363D4207FF20D00B208EA = {
						CreatedOnToolsVersion = 9.2;
						ProvisioningStyle = Automatic;
					};
					E0F363E8207FF20D00B208EA = {
						CreatedOnToolsVersion = 9.2;
						ProvisioningStyle = Automatic;
						TestTargetID = E0F363D4207FF20D00B208EA;
					};
					E0F363F3207FF20D00B208EA = {
						CreatedOnToolsVersion = 9.2;
						ProvisioningStyle = Automatic;
						TestTargetID = E0F363D4207FF20D00B208EA;
					};
				};
			};
			buildConfigurationList = E0F363D0207FF20D00B208EA /* Build configuration list for PBXProject "Tinder" */;
			compatibilityVersion = "Xcode 8.0";
			developmentRegion = en;
			hasScannedForEncodings = 0;
			knownRegions = (
				en,
				Base,
			);
			mainGroup = E0F363CC207FF20D00B208EA;
			productRefGroup = E0F363D6207FF20D00B208EA /* Products */;
			projectDirPath = "";
			projectRoot = "";
			targets = (
				E0F363D4207FF20D00B208EA /* Tinder */,
				E0F363E8207FF20D00B208EA /* TinderTests */,
				E0F363F3207FF20D00B208EA /* TinderUITests */,
			);
		};
/* End PBXProject section */

/* Begin PBXResourcesBuildPhase section */
		E0F363D3207FF20D00B208EA /* Resources */ = {
			isa = PBXResourcesBuildPhase;
			buildActionMask = 2147483647;
			files = (
				E0F363E3207FF20D00B208EA /* LaunchScreen.storyboard in Resources */,
				E0F363E0207FF20D00B208EA /* Assets.xcassets in Resources */,
				E0F363DE207FF20D00B208EA /* Main.storyboard in Resources */,
			);
			runOnlyForDeploymentPostprocessing = 0;
		};
		E0F363E7207FF20D00B208EA /* Resources */ = {
			isa = PBXResourcesBuildPhase;
			buildActionMask = 2147483647;
			files = (
			);
			runOnlyForDeploymentPostprocessing = 0;
		};
		E0F363F2207FF20D00B208EA /* Resources */ = {
			isa = PBXResourcesBuildPhase;
			buildActionMask = 2147483647;
			files = (
			);
			runOnlyForDeploymentPostprocessing = 0;
		};
/* End PBXResourcesBuildPhase section */

/* Begin PBXSourcesBuildPhase section */
		E0F363D1207FF20D00B208EA /* Sources */ = {
			isa = PBXSourcesBuildPhase;
			buildActionMask = 2147483647;
			files = (
				E0F363DB207FF20D00B208EA /* ViewController.swift in Sources */,
				E0F363D9207FF20D00B208EA /* AppDelegate.swift in Sources */,
			);
			runOnlyForDeploymentPostprocessing = 0;
		};
		E0F363E5207FF20D00B208EA /* Sources */ = {
			isa = PBXSourcesBuildPhase;
			buildActionMask = 2147483647;
			files = (
				E0F363EE207FF20D00B208EA /* TinderTests.swift in Sources */,
			);
			runOnlyForDeploymentPostprocessing = 0;
		};
		E0F363F0207FF20D00B208EA /* Sources */ = {
			isa = PBXSourcesBuildPhase;
			buildActionMask = 2147483647;
			files = (
				E0F363F9207FF20D00B208EA /* TinderUITests.swift in Sources */,
			);
			runOnlyForDeploymentPostprocessing = 0;
		};
/* End PBXSourcesBuildPhase section */

/* Begin PBXTargetDependency section */
		E0F363EB207FF20D00B208EA /* PBXTargetDependency */ = {
			isa = PBXTargetDependency;
			target = E0F363D4207FF20D00B208EA /* Tinder */;
			targetProxy = E0F363EA207FF20D00B208EA /* PBXContainerItemProxy */;
		};
		E0F363F6207FF20D00B208EA /* PBXTargetDependency */ = {
			isa = PBXTargetDependency;
			target = E0F363D4207FF20D00B208EA /* Tinder */;
			targetProxy = E0F363F5207FF20D00B208EA /* PBXContainerItemProxy */;
		};
/* End PBXTargetDependency section */

/* Begin PBXVariantGroup section */
		E0F363DC207FF20D00B208EA /* Main.storyboard */ = {
			isa = PBXVariantGroup;
			children = (
				E0F363DD207FF20D00B208EA /* Base */,
			);
			name = Main.storyboard;
			sourceTree = "<group>";
		};
		E0F363E1207FF20D00B208EA /* LaunchScreen.storyboard */ = {
			isa = PBXVariantGroup;
			children = (
				E0F363E2207FF20D00B208EA /* Base */,
			);
			name = LaunchScreen.storyboard;
			sourceTree = "<group>";
		};
/* End PBXVariantGroup section */

/* Begin XCBuildConfiguration section */
		E0F363FB207FF20D00B208EA /* Debug */ = {
			isa = XCBuildConfiguration;
			buildSettings = {
				ALWAYS_SEARCH_USER_PATHS = NO;
				CLANG_ANALYZER_NONNULL = YES;
				CLANG_ANALYZER_NUMBER_OBJECT_CONVERSION = YES_AGGRESSIVE;
				CLANG_CXX_LANGUAGE_STANDARD = "gnu++14";
				CLANG_CXX_LIBRARY = "libc++";
				CLANG_ENABLE_MODULES = YES;
				CLANG_ENABLE_OBJC_ARC = YES;
				CLANG_WARN_BLOCK_CAPTURE_AUTORELEASING = YES;
				CLANG_WARN_BOOL_CONVERSION = YES;
				CLANG_WARN_COMMA = YES;
				CLANG_WARN_CONSTANT_CONVERSION = YES;
				CLANG_WARN_DIRECT_OBJC_ISA_USAGE = YES_ERROR;
				CLANG_WARN_DOCUMENTATION_COMMENTS = YES;
				CLANG_WARN_EMPTY_BODY = YES;
				CLANG_WARN_ENUM_CONVERSION = YES;
				CLANG_WARN_INFINITE_RECURSION = YES;
				CLANG_WARN_INT_CONVERSION = YES;
				CLANG_WARN_NON_LITERAL_NULL_CONVERSION = YES;
				CLANG_WARN_OBJC_LITERAL_CONVERSION = YES;
				CLANG_WARN_OBJC_ROOT_CLASS = YES_ERROR;
				CLANG_WARN_RANGE_LOOP_ANALYSIS = YES;
				CLANG_WARN_STRICT_PROTOTYPES = YES;
				CLANG_WARN_SUSPICIOUS_MOVE = YES;
				CLANG_WARN_UNGUARDED_AVAILABILITY = YES_AGGRESSIVE;
				CLANG_WARN_UNREACHABLE_CODE = YES;
				CLANG_WARN__DUPLICATE_METHOD_MATCH = YES;
				CODE_SIGN_IDENTITY = "iPhone Developer";
				COPY_PHASE_STRIP = NO;
				DEBUG_INFORMATION_FORMAT = dwarf;
				ENABLE_STRICT_OBJC_MSGSEND = YES;
				ENABLE_TESTABILITY = YES;
				GCC_C_LANGUAGE_STANDARD = gnu11;
				GCC_DYNAMIC_NO_PIC = NO;
				GCC_NO_COMMON_BLOCKS = YES;
				GCC_OPTIMIZATION_LEVEL = 0;
				GCC_PREPROCESSOR_DEFINITIONS = (
					"DEBUG=1",
					"$(inherited)",
				);
				GCC_WARN_64_TO_32_BIT_CONVERSION = YES;
				GCC_WARN_ABOUT_RETURN_TYPE = YES_ERROR;
				GCC_WARN_UNDECLARED_SELECTOR = YES;
				GCC_WARN_UNINITIALIZED_AUTOS = YES_AGGRESSIVE;
				GCC_WARN_UNUSED_FUNCTION = YES;
				GCC_WARN_UNUSED_VARIABLE = YES;
				IPHONEOS_DEPLOYMENT_TARGET = 11.2;
				MTL_ENABLE_DEBUG_INFO = YES;
				ONLY_ACTIVE_ARCH = YES;
				SDKROOT = iphoneos;
				SWIFT_ACTIVE_COMPILATION_CONDITIONS = DEBUG;
				SWIFT_OPTIMIZATION_LEVEL = "-Onone";
			};
			name = Debug;
		};
		E0F363FC207FF20D00B208EA /* Release */ = {
			isa = XCBuildConfiguration;
			buildSettings = {
				ALWAYS_SEARCH_USER_PATHS = NO;
				CLANG_ANALYZER_NONNULL = YES;
				CLANG_ANALYZER_NUMBER_OBJECT_CONVERSION = YES_AGGRESSIVE;
				CLANG_CXX_LANGUAGE_STANDARD = "gnu++14";
				CLANG_CXX_LIBRARY = "libc++";
				CLANG_ENABLE_MODULES = YES;
				CLANG_ENABLE_OBJC_ARC = YES;
				CLANG_WARN_BLOCK_CAPTURE_AUTORELEASING = YES;
				CLANG_WARN_BOOL_CONVERSION = YES;
				CLANG_WARN_COMMA = YES;
				CLANG_WARN_CONSTANT_CONVERSION = YES;
				CLANG_WARN_DIRECT_OBJC_ISA_USAGE = YES_ERROR;
				CLANG_WARN_DOCUMENTATION_COMMENTS = YES;
				CLANG_WARN_EMPTY_BODY = YES;
				CLANG_WARN_ENUM_CONVERSION = YES;
				CLANG_WARN_INFINITE_RECURSION = YES;
				CLANG_WARN_INT_CONVERSION = YES;
				CLANG_WARN_NON_LITERAL_NULL_CONVERSION = YES;
				CLANG_WARN_OBJC_LITERAL_CONVERSION = YES;
				CLANG_WARN_OBJC_ROOT_CLASS = YES_ERROR;
				CLANG_WARN_RANGE_LOOP_ANALYSIS = YES;
				CLANG_WARN_STRICT_PROTOTYPES = YES;
				CLANG_WARN_SUSPICIOUS_MOVE = YES;
				CLANG_WARN_UNGUARDED_AVAILABILITY = YES_AGGRESSIVE;
				CLANG_WARN_UNREACHABLE_CODE = YES;
				CLANG_WARN__DUPLICATE_METHOD_MATCH = YES;
				CODE_SIGN_IDENTITY = "iPhone Developer";
				COPY_PHASE_STRIP = NO;
				DEBUG_INFORMATION_FORMAT = "dwarf-with-dsym";
				ENABLE_NS_ASSERTIONS = NO;
				ENABLE_STRICT_OBJC_MSGSEND = YES;
				GCC_C_LANGUAGE_STANDARD = gnu11;
				GCC_NO_COMMON_BLOCKS = YES;
				GCC_WARN_64_TO_32_BIT_CONVERSION = YES;
				GCC_WARN_ABOUT_RETURN_TYPE = YES_ERROR;
				GCC_WARN_UNDECLARED_SELECTOR = YES;
				GCC_WARN_UNINITIALIZED_AUTOS = YES_AGGRESSIVE;
				GCC_WARN_UNUSED_FUNCTION = YES;
				GCC_WARN_UNUSED_VARIABLE = YES;
				IPHONEOS_DEPLOYMENT_TARGET = 11.2;
				MTL_ENABLE_DEBUG_INFO = NO;
				SDKROOT = iphoneos;
				SWIFT_OPTIMIZATION_LEVEL = "-Owholemodule";
				VALIDATE_PRODUCT = YES;
			};
			name = Release;
		};
		E0F363FE207FF20D00B208EA /* Debug */ = {
			isa = XCBuildConfiguration;
			buildSettings = {
				ASSETCATALOG_COMPILER_APPICON_NAME = AppIcon;
				CODE_SIGN_STYLE = Automatic;
				INFOPLIST_FILE = Tinder/Info.plist;
				LD_RUNPATH_SEARCH_PATHS = "$(inherited) @executable_path/Frameworks";
				PRODUCT_BUNDLE_IDENTIFIER = "Morgan-State.Tinder";
				PRODUCT_NAME = "$(TARGET_NAME)";
				SWIFT_VERSION = 4.0;
				TARGETED_DEVICE_FAMILY = "1,2";
			};
			name = Debug;
		};
		E0F363FF207FF20D00B208EA /* Release */ = {
			isa = XCBuildConfiguration;
			buildSettings = {
				ASSETCATALOG_COMPILER_APPICON_NAME = AppIcon;
				CODE_SIGN_STYLE = Automatic;
				INFOPLIST_FILE = Tinder/Info.plist;
				LD_RUNPATH_SEARCH_PATHS = "$(inherited) @executable_path/Frameworks";
				PRODUCT_BUNDLE_IDENTIFIER = "Morgan-State.Tinder";
				PRODUCT_NAME = "$(TARGET_NAME)";
				SWIFT_VERSION = 4.0;
				TARGETED_DEVICE_FAMILY = "1,2";
			};
			name = Release;
		};
		E0F36401207FF20D00B208EA /* Debug */ = {
			isa = XCBuildConfiguration;
			buildSettings = {
				ALWAYS_EMBED_SWIFT_STANDARD_LIBRARIES = YES;
				BUNDLE_LOADER = "$(TEST_HOST)";
				CODE_SIGN_STYLE = Automatic;
				INFOPLIST_FILE = TinderTests/Info.plist;
				LD_RUNPATH_SEARCH_PATHS = "$(inherited) @executable_path/Frameworks @loader_path/Frameworks";
				PRODUCT_BUNDLE_IDENTIFIER = "Morgan-State.TinderTests";
				PRODUCT_NAME = "$(TARGET_NAME)";
				SWIFT_VERSION = 4.0;
				TARGETED_DEVICE_FAMILY = "1,2";
				TEST_HOST = "$(BUILT_PRODUCTS_DIR)/Tinder.app/Tinder";
			};
			name = Debug;
		};
		E0F36402207FF20D00B208EA /* Release */ = {
			isa = XCBuildConfiguration;
			buildSettings = {
				ALWAYS_EMBED_SWIFT_STANDARD_LIBRARIES = YES;
				BUNDLE_LOADER = "$(TEST_HOST)";
				CODE_SIGN_STYLE = Automatic;
				INFOPLIST_FILE = TinderTests/Info.plist;
				LD_RUNPATH_SEARCH_PATHS = "$(inherited) @executable_path/Frameworks @loader_path/Frameworks";
				PRODUCT_BUNDLE_IDENTIFIER = "Morgan-State.TinderTests";
				PRODUCT_NAME = "$(TARGET_NAME)";
				SWIFT_VERSION = 4.0;
				TARGETED_DEVICE_FAMILY = "1,2";
				TEST_HOST = "$(BUILT_PRODUCTS_DIR)/Tinder.app/Tinder";
			};
			name = Release;
		};
		E0F36404207FF20D00B208EA /* Debug */ = {
			isa = XCBuildConfiguration;
			buildSettings = {
				ALWAYS_EMBED_SWIFT_STANDARD_LIBRARIES = YES;
				CODE_SIGN_STYLE = Automatic;
				INFOPLIST_FILE = TinderUITests/Info.plist;
				LD_RUNPATH_SEARCH_PATHS = "$(inherited) @executable_path/Frameworks @loader_path/Frameworks";
				PRODUCT_BUNDLE_IDENTIFIER = "Morgan-State.TinderUITests";
				PRODUCT_NAME = "$(TARGET_NAME)";
				SWIFT_VERSION = 4.0;
				TARGETED_DEVICE_FAMILY = "1,2";
				TEST_TARGET_NAME = Tinder;
			};
			name = Debug;
		};
		E0F36405207FF20D00B208EA /* Release */ = {
			isa = XCBuildConfiguration;
			buildSettings = {
				ALWAYS_EMBED_SWIFT_STANDARD_LIBRARIES = YES;
				CODE_SIGN_STYLE = Automatic;
				INFOPLIST_FILE = TinderUITests/Info.plist;
				LD_RUNPATH_SEARCH_PATHS = "$(inherited) @executable_path/Frameworks @loader_path/Frameworks";
				PRODUCT_BUNDLE_IDENTIFIER = "Morgan-State.TinderUITests";
				PRODUCT_NAME = "$(TARGET_NAME)";
				SWIFT_VERSION = 4.0;
				TARGETED_DEVICE_FAMILY = "1,2";
				TEST_TARGET_NAME = Tinder;
			};
			name = Release;
		};
/* End XCBuildConfiguration section */

/* Begin XCConfigurationList section */
		E0F363D0207FF20D00B208EA /* Build configuration list for PBXProject "Tinder" */ = {
			isa = XCConfigurationList;
			buildConfigurations = (
				E0F363FB207FF20D00B208EA /* Debug */,
				E0F363FC207FF20D00B208EA /* Release */,
			);
			defaultConfigurationIsVisible = 0;
			defaultConfigurationName = Release;
		};
		E0F363FD207FF20D00B208EA /* Build configuration list for PBXNativeTarget "Tinder" */ = {
			isa = XCConfigurationList;
			buildConfigurations = (
				E0F363FE207FF20D00B208EA /* Debug */,
				E0F363FF207FF20D00B208EA /* Release */,
			);
			defaultConfigurationIsVisible = 0;
			defaultConfigurationName = Release;
		};
		E0F36400207FF20D00B208EA /* Build configuration list for PBXNativeTarget "TinderTests" */ = {
			isa = XCConfigurationList;
			buildConfigurations = (
				E0F36401207FF20D00B208EA /* Debug */,
				E0F36402207FF20D00B208EA /* Release */,
			);
			defaultConfigurationIsVisible = 0;
			defaultConfigurationName = Release;
		};
		E0F36403207FF20D00B208EA /* Build configuration list for PBXNativeTarget "TinderUITests" */ = {
			isa = XCConfigurationList;
			buildConfigurations = (
				E0F36404207FF20D00B208EA /* Debug */,
				E0F36405207FF20D00B208EA /* Release */,
			);
			defaultConfigurationIsVisible = 0;
			defaultConfigurationName = Release;
		};
/* End XCConfigurationList section */
	};
	rootObject = E0F363CD207FF20D00B208EA /* Project object */;
}
